
Microsoft Visual Studio Solution File, Format Version 12.00
# Visual Studio Version 16
VisualStudioVersion = 16.0.31410.357
MinimumVisualStudioVersion = 10.0.40219.1
Project("{FAE04EC0-301F-11D3-BF4B-00C04F79EFBC}") = "StringCalculatorKata", "StringCalculatorKata\StringCalculatorKata.csproj", "{196FD7D3-1300-434B-8E84-A38BF4E503AB}"
EndProject
Project("{FAE04EC0-301F-11D3-BF4B-00C04F79EFBC}") = "StringCalculatorKata.Tests", "StringCalculatorKata.Tests\StringCalculatorKata.Tests.csproj", "{1396D7D5-D14F-47AB-90E8-DB71300167CD}"
EndProject
Global
	GlobalSection(SolutionConfigurationPlatforms) = preSolution
		Debug|Any CPU = Debug|Any CPU
		Release|Any CPU = Release|Any CPU
	EndGlobalSection
	GlobalSection(ProjectConfigurationPlatforms) = postSolution
		{196FD7D3-1300-434B-8E84-A38BF4E503AB}.Debug|Any CPU.ActiveCfg = Debug|Any CPU
		{196FD7D3-1300-434B-8E84-A38BF4E503AB}.Debug|Any CPU.Build.0 = Debug|Any CPU
		{196FD7D3-1300-434B-8E84-A38BF4E503AB}.Release|Any CPU.ActiveCfg = Release|Any CPU
		{196FD7D3-1300-434B-8E84-A38BF4E503AB}.Release|Any CPU.Build.0 = Release|Any CPU
		{1396D7D5-D14F-47AB-90E8-DB71300167CD}.Debug|Any CPU.ActiveCfg = Debug|Any CPU
		{1396D7D5-D14F-47AB-90E8-DB71300167CD}.Debug|Any CPU.Build.0 = Debug|Any CPU
		{1396D7D5-D14F-47AB-90E8-DB71300167CD}.Release|Any CPU.ActiveCfg = Release|Any CPU
		{1396D7D5-D14F-47AB-90E8-DB71300167CD}.Release|Any CPU.Build.0 = Release|Any CPU
	EndGlobalSection
	GlobalSection(SolutionProperties) = preSolution
		HideSolutionNode = FALSE
	EndGlobalSection
	GlobalSection(ExtensibilityGlobals) = postSolution
		SolutionGuid = {50294504-5367-4ADB-93E3-8A2EFE029C92}
	EndGlobalSection
EndGlobal
